
Microsoft Visual Studio Solution File, Format Version 12.00
# Visual Studio Version 16
VisualStudioVersion = 16.0.32510.428
MinimumVisualStudioVersion = 10.0.40219.1
Project("{FAE04EC0-301F-11D3-BF4B-00C04F79EFBC}") = "Assessment", "Assessment\Assessment.csproj", "{ADD23EBD-EA25-4321-83CF-F1B9AC2ADD9A}"
EndProject
Global
	GlobalSection(SolutionConfigurationPlatforms) = preSolution
		Debug|Any CPU = Debug|Any CPU
		Release|Any CPU = Release|Any CPU
	EndGlobalSection
	GlobalSection(ProjectConfigurationPlatforms) = postSolution
		{ADD23EBD-EA25-4321-83CF-F1B9AC2ADD9A}.Debug|Any CPU.ActiveCfg = Debug|Any CPU
		{ADD23EBD-EA25-4321-83CF-F1B9AC2ADD9A}.Debug|Any CPU.Build.0 = Debug|Any CPU
		{ADD23EBD-EA25-4321-83CF-F1B9AC2ADD9A}.Release|Any CPU.ActiveCfg = Release|Any CPU
		{ADD23EBD-EA25-4321-83CF-F1B9AC2ADD9A}.Release|Any CPU.Build.0 = Release|Any CPU
	EndGlobalSection
	GlobalSection(SolutionProperties) = preSolution
		HideSolutionNode = FALSE
	EndGlobalSection
	GlobalSection(ExtensibilityGlobals) = postSolution
		SolutionGuid = {38A69545-AA0D-480C-BBE0-F72628A076ED}
	EndGlobalSection
EndGlobal
